
Microsoft Visual Studio Solution File, Format Version 12.00
# Visual Studio Version 17
VisualStudioVersion = 17.11.35208.52
MinimumVisualStudioVersion = 10.0.40219.1
Project("{FAE04EC0-301F-11D3-BF4B-00C04F79EFBC}") = "Vistas", "GestorRecintosPolideportivo_grupo23\Vistas.csproj", "{C2608059-0B76-4800-B18F-CFB5A1C6FB58}"
EndProject
Project("{FAE04EC0-301F-11D3-BF4B-00C04F79EFBC}") = "Modelos", "Modelos\Modelos.csproj", "{B947A748-9D90-4616-B664-25086FB57896}"
EndProject
Project("{FAE04EC0-301F-11D3-BF4B-00C04F79EFBC}") = "Controladores", "Controladores\Controladores.csproj", "{12CD20B5-C28C-45A5-9CF4-D9162E77CC60}"
EndProject
Global
	GlobalSection(SolutionConfigurationPlatforms) = preSolution
		Debug|Any CPU = Debug|Any CPU
		Release|Any CPU = Release|Any CPU
	EndGlobalSection
	GlobalSection(ProjectConfigurationPlatforms) = postSolution
		{C2608059-0B76-4800-B18F-CFB5A1C6FB58}.Debug|Any CPU.ActiveCfg = Debug|Any CPU
		{C2608059-0B76-4800-B18F-CFB5A1C6FB58}.Debug|Any CPU.Build.0 = Debug|Any CPU
		{C2608059-0B76-4800-B18F-CFB5A1C6FB58}.Release|Any CPU.ActiveCfg = Release|Any CPU
		{C2608059-0B76-4800-B18F-CFB5A1C6FB58}.Release|Any CPU.Build.0 = Release|Any CPU
		{B947A748-9D90-4616-B664-25086FB57896}.Debug|Any CPU.ActiveCfg = Debug|Any CPU
		{B947A748-9D90-4616-B664-25086FB57896}.Debug|Any CPU.Build.0 = Debug|Any CPU
		{B947A748-9D90-4616-B664-25086FB57896}.Release|Any CPU.ActiveCfg = Release|Any CPU
		{B947A748-9D90-4616-B664-25086FB57896}.Release|Any CPU.Build.0 = Release|Any CPU
		{12CD20B5-C28C-45A5-9CF4-D9162E77CC60}.Debug|Any CPU.ActiveCfg = Debug|Any CPU
		{12CD20B5-C28C-45A5-9CF4-D9162E77CC60}.Debug|Any CPU.Build.0 = Debug|Any CPU
		{12CD20B5-C28C-45A5-9CF4-D9162E77CC60}.Release|Any CPU.ActiveCfg = Release|Any CPU
		{12CD20B5-C28C-45A5-9CF4-D9162E77CC60}.Release|Any CPU.Build.0 = Release|Any CPU
	EndGlobalSection
	GlobalSection(SolutionProperties) = preSolution
		HideSolutionNode = FALSE
	EndGlobalSection
	GlobalSection(ExtensibilityGlobals) = postSolution
		SolutionGuid = {A173F14F-13A4-4AE8-9FA1-60F3A63E3928}
	EndGlobalSection
EndGlobal
